
Microsoft Visual Studio Solution File, Format Version 12.00
# Visual Studio Version 17
VisualStudioVersion = 17.14.36603.0
MinimumVisualStudioVersion = 10.0.40219.1
Project("{8BC9CEB8-8B4A-11D0-8D11-00A0C91BC942}") = "DeviceTreeMaker", "DeviceTreeMaker\DeviceTreeMaker.vcxproj", "{0D14258C-73C7-4C97-9AA8-4D9711076D1E}"
EndProject
Project("{FAE04EC0-301F-11D3-BF4B-00C04F79EFBC}") = "DeviceTreeMakerCs", "DeviceTreeMakerCs\DeviceTreeMakerCs.csproj", "{AC653559-D3E2-4A3B-9F3B-CF94F3CFA254}"
EndProject
Global
	GlobalSection(SolutionConfigurationPlatforms) = preSolution
		Debug|x64 = Debug|x64
		Release|x64 = Release|x64
	EndGlobalSection
	GlobalSection(ProjectConfigurationPlatforms) = postSolution
		{0D14258C-73C7-4C97-9AA8-4D9711076D1E}.Debug|x64.ActiveCfg = Debug|x64
		{0D14258C-73C7-4C97-9AA8-4D9711076D1E}.Debug|x64.Build.0 = Debug|x64
		{0D14258C-73C7-4C97-9AA8-4D9711076D1E}.Release|x64.ActiveCfg = Release|x64
		{0D14258C-73C7-4C97-9AA8-4D9711076D1E}.Release|x64.Build.0 = Release|x64
		{AC653559-D3E2-4A3B-9F3B-CF94F3CFA254}.Debug|x64.ActiveCfg = Debug|x64
		{AC653559-D3E2-4A3B-9F3B-CF94F3CFA254}.Debug|x64.Build.0 = Debug|x64
		{AC653559-D3E2-4A3B-9F3B-CF94F3CFA254}.Release|x64.ActiveCfg = Release|x64
	EndGlobalSection
	GlobalSection(SolutionProperties) = preSolution
		HideSolutionNode = FALSE
	EndGlobalSection
	GlobalSection(ExtensibilityGlobals) = postSolution
		SolutionGuid = {43226C79-5AD8-42C3-BAB8-4E63C86546F9}
	EndGlobalSection
EndGlobal
